
Microsoft Visual Studio Solution File, Format Version 12.00
# Visual Studio Version 17
VisualStudioVersion = 17.5.33424.131
MinimumVisualStudioVersion = 10.0.40219.1
Project("{FAE04EC0-301F-11D3-BF4B-00C04F79EFBC}") = "CvEntityProje", "CvEntityProje\CvEntityProje.csproj", "{CAD70BCB-5291-4067-B3D7-BE9B52CE708B}"
EndProject
Global
	GlobalSection(SolutionConfigurationPlatforms) = preSolution
		Debug|Any CPU = Debug|Any CPU
		Release|Any CPU = Release|Any CPU
	EndGlobalSection
	GlobalSection(ProjectConfigurationPlatforms) = postSolution
		{CAD70BCB-5291-4067-B3D7-BE9B52CE708B}.Debug|Any CPU.ActiveCfg = Debug|Any CPU
		{CAD70BCB-5291-4067-B3D7-BE9B52CE708B}.Debug|Any CPU.Build.0 = Debug|Any CPU
		{CAD70BCB-5291-4067-B3D7-BE9B52CE708B}.Release|Any CPU.ActiveCfg = Release|Any CPU
		{CAD70BCB-5291-4067-B3D7-BE9B52CE708B}.Release|Any CPU.Build.0 = Release|Any CPU
	EndGlobalSection
	GlobalSection(SolutionProperties) = preSolution
		HideSolutionNode = FALSE
	EndGlobalSection
	GlobalSection(ExtensibilityGlobals) = postSolution
		SolutionGuid = {A09711BD-704C-45EB-893E-25465718CB38}
	EndGlobalSection
EndGlobal
